<?xml version="1.0" encoding="utf-8"?>
<Project ToolsVersion="4.0" xmlns="http://schemas.microsoft.com/developer/msbuild/2003">
  <ItemGroup>
    <Filter Include="Source Files">
      <UniqueIdentifier>{4FC737F1-C7A5-4376-A066-2A32D752A2FF}</UniqueIdentifier>
      <Extensions>cpp;c;cc;cxx;c++;cppm;ixx;def;odl;idl;hpj;bat;asm;asmx</Extensions>
    </Filter>
    <Filter Include="Header Files">
      <UniqueIdentifier>{93995380-89BD-4b04-88EB-625FBE52EBFB}</UniqueIdentifier>
      <Extensions>h;hh;hpp;hxx;h++;hm;inl;inc;ipp;xsd</Extensions>
    </Filter>
    <Filter Include="Resource Files">
      <UniqueIdentifier>{67DA6AB6-F800-4c08-8B7A-83BB121AAD01}</UniqueIdentifier>
      <Extensions>rc;ico;cur;bmp;dlg;rc2;rct;bin;rgs;gif;jpg;jpeg;jpe;resx;tiff;tif;png;wav;mfcribbon-ms</Extensions>
    </Filter>
    <Filter Include="Header Files\DearImGui">
      <UniqueIdentifier>{4a59338b-4c84-4579-8c52-ba644b8cb77a}</UniqueIdentifier>
    </Filter>
    <Filter Include="Source Files\DearImGui">
      <UniqueIdentifier>{4dd9d950-382d-4898-bf4f-2e334dbf72af}</UniqueIdentifier>
    </Filter>
    <Filter Include="Source Files\Node">
      <UniqueIdentifier>{d298e7a5-aa64-4c33-bdf6-72b3bd71768a}</UniqueIdentifier>
    </Filter>
    <Filter Include="Header Files\Node">
      <UniqueIdentifier>{98d73f4b-eab2-4af8-bd90-6fd05f587c8e}</UniqueIdentifier>
    </Filter>
    <Filter Include="Source Files\Node\Server">
      <UniqueIdentifier>{82182f0f-7016-4894-8f79-54580192ba33}</UniqueIdentifier>
    </Filter>
    <Filter Include="Header Files\Node\Server">
      <UniqueIdentifier>{a765f4d0-4646-4413-b5cd-5296e5b7f882}</UniqueIdentifier>
    </Filter>
    <Filter Include="Header Files\Node\Client">
      <UniqueIdentifier>{fa007c3d-c6d5-4393-aead-1d7b251dc9d4}</UniqueIdentifier>
    </Filter>
    <Filter Include="Source Files\Node\Client">
      <UniqueIdentifier>{3578b0a9-2c43-4751-88e6-4187e999cf38}</UniqueIdentifier>
    </Filter>
    <Filter Include="Source Files\GUI">
      <UniqueIdentifier>{ff52d24b-6cd3-49dd-865c-ea4cea798167}</UniqueIdentifier>
    </Filter>
    <Filter Include="Header Files\GUI">
      <UniqueIdentifier>{e7fa69da-6f50-4780-8888-57cfc9bb7a04}</UniqueIdentifier>
    </Filter>
    <Filter Include="Header Files\Block">
      <UniqueIdentifier>{926a8edd-4aa0-4416-a7c7-217eabfca4db}</UniqueIdentifier>
    </Filter>
    <Filter Include="Source Files\Block">
      <UniqueIdentifier>{17837e70-ece4-4744-b719-8bde81cfea58}</UniqueIdentifier>
    </Filter>
  </ItemGroup>
  <ItemGroup>
    <ClCompile Include="main.cpp">
      <Filter>Source Files</Filter>
    </ClCompile>
    <ClCompile Include="ImGui\imgui.cpp">
      <Filter>Source Files\DearImGui</Filter>
    </ClCompile>
    <ClCompile Include="ImGui\imgui_demo.cpp">
      <Filter>Source Files\DearImGui</Filter>
    </ClCompile>
    <ClCompile Include="ImGui\imgui_draw.cpp">
      <Filter>Source Files\DearImGui</Filter>
    </ClCompile>
    <ClCompile Include="ImGui\imgui_impl_allegro5.cpp">
      <Filter>Source Files\DearImGui</Filter>
    </ClCompile>
    <ClCompile Include="ImGui\imgui_stdlib.cpp">
      <Filter>Source Files\DearImGui</Filter>
    </ClCompile>
    <ClCompile Include="ImGui\imgui_tables.cpp">
      <Filter>Source Files\DearImGui</Filter>
    </ClCompile>
    <ClCompile Include="ImGui\imgui_widgets.cpp">
      <Filter>Source Files\DearImGui</Filter>
    </ClCompile>
    <ClCompile Include="MerkleNode.cpp">
      <Filter>Source Files</Filter>
    </ClCompile>
    <ClCompile Include="Hashing.cpp">
      <Filter>Source Files</Filter>
    </ClCompile>
    <ClCompile Include="MerkleTree.cpp">
      <Filter>Source Files</Filter>
    </ClCompile>
    <ClCompile Include="Node\Server\Connection.cpp">
      <Filter>Source Files\Node\Server</Filter>
    </ClCompile>
    <ClCompile Include="Node\Server\HTTP.cpp">
      <Filter>Source Files\Node\Server</Filter>
    </ClCompile>
    <ClCompile Include="Node\Server\mime_types.cpp">
      <Filter>Source Files\Node\Server</Filter>
    </ClCompile>
    <ClCompile Include="Node\Server\Server.cpp">
      <Filter>Source Files\Node\Server</Filter>
    </ClCompile>
    <ClCompile Include="Node\Client\Client.cpp">
      <Filter>Source Files\Node\Client</Filter>
    </ClCompile>
    <ClCompile Include="Node\BaseNode.cpp">
      <Filter>Source Files\Node</Filter>
    </ClCompile>
    <ClCompile Include="Node\FullNode.cpp">
      <Filter>Source Files\Node</Filter>
    </ClCompile>
    <ClCompile Include="Node\SPVNode.cpp">
      <Filter>Source Files\Node</Filter>
    </ClCompile>
    <ClCompile Include="ImGui\Gui.cpp">
      <Filter>Source Files\GUI</Filter>
    </ClCompile>
    <ClCompile Include="Block\Block.cpp">
      <Filter>Source Files\Block</Filter>
    </ClCompile>
    <ClCompile Include="Block\InTx.cpp">
      <Filter>Source Files\Block</Filter>
    </ClCompile>
    <ClCompile Include="Block\OutTx.cpp">
      <Filter>Source Files\Block</Filter>
    </ClCompile>
    <ClCompile Include="Block\Tx.cpp">
      <Filter>Source Files\Block</Filter>
    </ClCompile>
    <ClCompile Include="Node\NodeFactory.cpp">
      <Filter>Source Files\Node</Filter>
    </ClCompile>
  </ItemGroup>
  <ItemGroup>
    <ClInclude Include="ImGui\imconfig.h">
      <Filter>Header Files\DearImGui</Filter>
    </ClInclude>
    <ClInclude Include="ImGui\imconfig_allegro5.h">
      <Filter>Header Files\DearImGui</Filter>
    </ClInclude>
    <ClInclude Include="ImGui\imgui.h">
      <Filter>Header Files\DearImGui</Filter>
    </ClInclude>
    <ClInclude Include="ImGui\imgui_impl_allegro5.h">
      <Filter>Header Files\DearImGui</Filter>
    </ClInclude>
    <ClInclude Include="ImGui\imgui_internal.h">
      <Filter>Header Files\DearImGui</Filter>
    </ClInclude>
    <ClInclude Include="ImGui\imgui_stdlib.h">
      <Filter>Header Files\DearImGui</Filter>
    </ClInclude>
    <ClInclude Include="ImGui\imstb_rectpack.h">
      <Filter>Header Files\DearImGui</Filter>
    </ClInclude>
    <ClInclude Include="ImGui\imstb_textedit.h">
      <Filter>Header Files\DearImGui</Filter>
    </ClInclude>
    <ClInclude Include="ImGui\imstb_truetype.h">
      <Filter>Header Files\DearImGui</Filter>
    </ClInclude>
    <ClInclude Include="config.h">
      <Filter>Header Files</Filter>
    </ClInclude>
    <ClInclude Include="MerkleTree.h">
      <Filter>Header Files</Filter>
    </ClInclude>
    <ClInclude Include="MerkleNode.h">
      <Filter>Header Files</Filter>
    </ClInclude>
    <ClInclude Include="Hashing.h">
      <Filter>Header Files</Filter>
    </ClInclude>
    <ClInclude Include="Node\Server\Connection.h">
      <Filter>Header Files\Node\Server</Filter>
    </ClInclude>
    <ClInclude Include="Node\Server\HTTP.h">
      <Filter>Header Files\Node\Server</Filter>
    </ClInclude>
    <ClInclude Include="Node\Server\mime_types.h">
      <Filter>Header Files\Node\Server</Filter>
    </ClInclude>
    <ClInclude Include="Node\Server\Server.h">
      <Filter>Header Files\Node\Server</Filter>
    </ClInclude>
    <ClInclude Include="Node\Client\Client.h">
      <Filter>Header Files\Node\Client</Filter>
    </ClInclude>
    <ClInclude Include="Node\BaseNode.h">
      <Filter>Header Files\Node</Filter>
    </ClInclude>
    <ClInclude Include="Node\FullNode.h">
      <Filter>Header Files\Node</Filter>
    </ClInclude>
    <ClInclude Include="Node\SPVNode.h">
      <Filter>Header Files\Node</Filter>
    </ClInclude>
    <ClInclude Include="ImGui\Gui.h">
      <Filter>Header Files\GUI</Filter>
    </ClInclude>
    <ClInclude Include="Block\Block.h">
      <Filter>Header Files\Block</Filter>
    </ClInclude>
    <ClInclude Include="Block\InTx.h">
      <Filter>Header Files\Block</Filter>
    </ClInclude>
    <ClInclude Include="Block\OutTx.h">
      <Filter>Header Files\Block</Filter>
    </ClInclude>
    <ClInclude Include="Block\Tx.h">
      <Filter>Header Files\Block</Filter>
    </ClInclude>
    <ClInclude Include="Node\NodeFactory.h">
      <Filter>Header Files\Node</Filter>
    </ClInclude>
  </ItemGroup>
</Project>